// !$*UTF8*$!
{
	archiveVersion = 1;
	classes = {
	};
	objectVersion = 55;
	objects = {

/* Begin PBXBuildFile section */
		C808A4E1285F9DA300A6D9E5 /* LikedButton.swift in Sources */ = {isa = PBXBuildFile; fileRef = C808A4E0285F9DA300A6D9E5 /* LikedButton.swift */; };
		C808A4E3285FB21F00A6D9E5 /* DataStorageWorker.swift in Sources */ = {isa = PBXBuildFile; fileRef = C808A4E2285FB21F00A6D9E5 /* DataStorageWorker.swift */; };
		C823B5022856220300FB15AB /* AssetsDTO.swift in Sources */ = {isa = PBXBuildFile; fileRef = C823B5012856220300FB15AB /* AssetsDTO.swift */; };
		C823B50428567B6200FB15AB /* NetworkService.swift in Sources */ = {isa = PBXBuildFile; fileRef = C823B50328567B6200FB15AB /* NetworkService.swift */; };
		C823B50628568BBC00FB15AB /* HomePresenter.swift in Sources */ = {isa = PBXBuildFile; fileRef = C823B50528568BBC00FB15AB /* HomePresenter.swift */; };
		C823B50828568BF200FB15AB /* HomeInteractor.swift in Sources */ = {isa = PBXBuildFile; fileRef = C823B50728568BF200FB15AB /* HomeInteractor.swift */; };
		C823B50C28568C7D00FB15AB /* HomeRouter.swift in Sources */ = {isa = PBXBuildFile; fileRef = C823B50B28568C7D00FB15AB /* HomeRouter.swift */; };
		C823B50E28568CA900FB15AB /* HomeAssembly.swift in Sources */ = {isa = PBXBuildFile; fileRef = C823B50D28568CA900FB15AB /* HomeAssembly.swift */; };
		C823B51028568CE800FB15AB /* HomeModel.swift in Sources */ = {isa = PBXBuildFile; fileRef = C823B50F28568CE800FB15AB /* HomeModel.swift */; };
		C823B512285690D800FB15AB /* HomeView.swift in Sources */ = {isa = PBXBuildFile; fileRef = C823B511285690D800FB15AB /* HomeView.swift */; };
		C823B514285744D900FB15AB /* NetworkWorker.swift in Sources */ = {isa = PBXBuildFile; fileRef = C823B513285744D900FB15AB /* NetworkWorker.swift */; };
		C823B5162857680A00FB15AB /* AssetCollectionViewCell.swift in Sources */ = {isa = PBXBuildFile; fileRef = C823B5152857680A00FB15AB /* AssetCollectionViewCell.swift */; };
		C823B51D2857714800FB15AB /* Typography.swift in Sources */ = {isa = PBXBuildFile; fileRef = C823B51C2857714800FB15AB /* Typography.swift */; };
		C823B51F2857719100FB15AB /* Archivo-Medium.ttf in Resources */ = {isa = PBXBuildFile; fileRef = C823B51E2857719100FB15AB /* Archivo-Medium.ttf */; };
		C823B5212857729600FB15AB /* Color.swift in Sources */ = {isa = PBXBuildFile; fileRef = C823B5202857729600FB15AB /* Color.swift */; };
		C823B5A1285A3A4100FB15AB /* AssetViewController.swift in Sources */ = {isa = PBXBuildFile; fileRef = C823B5A0285A3A4100FB15AB /* AssetViewController.swift */; };
		C823B5A4285A3A7300FB15AB /* AssetInteractor.swift in Sources */ = {isa = PBXBuildFile; fileRef = C823B5A3285A3A7300FB15AB /* AssetInteractor.swift */; };
		C823B5A6285A3A8B00FB15AB /* AssetPresenter.swift in Sources */ = {isa = PBXBuildFile; fileRef = C823B5A5285A3A8B00FB15AB /* AssetPresenter.swift */; };
		C823B5A8285A3FF300FB15AB /* AssetRouter.swift in Sources */ = {isa = PBXBuildFile; fileRef = C823B5A7285A3FF300FB15AB /* AssetRouter.swift */; };
		C823B5AA285A402D00FB15AB /* AssetAssembly.swift in Sources */ = {isa = PBXBuildFile; fileRef = C823B5A9285A402D00FB15AB /* AssetAssembly.swift */; };
		C823B5AC285A404500FB15AB /* AssetModel.swift in Sources */ = {isa = PBXBuildFile; fileRef = C823B5AB285A404500FB15AB /* AssetModel.swift */; };
		C823B5AE285A407100FB15AB /* AssetDetailView.swift in Sources */ = {isa = PBXBuildFile; fileRef = C823B5AD285A407100FB15AB /* AssetDetailView.swift */; };
		C823B5B0285A53DC00FB15AB /* CollectionHeaderView.swift in Sources */ = {isa = PBXBuildFile; fileRef = C823B5AF285A53DC00FB15AB /* CollectionHeaderView.swift */; };
		C823B5B2285A5BA900FB15AB /* AssetDescriptionView.swift in Sources */ = {isa = PBXBuildFile; fileRef = C823B5B1285A5BA900FB15AB /* AssetDescriptionView.swift */; };
		C823B5B4285A6FB600FB15AB /* ExtensionUIImage.swift in Sources */ = {isa = PBXBuildFile; fileRef = C823B5B3285A6FB600FB15AB /* ExtensionUIImage.swift */; };
		C823B5B6285A745400FB15AB /* Archivo-SemiBold.ttf in Resources */ = {isa = PBXBuildFile; fileRef = C823B5B5285A745400FB15AB /* Archivo-SemiBold.ttf */; };
		C823B5B8285A746300FB15AB /* Archivo-Regular.ttf in Resources */ = {isa = PBXBuildFile; fileRef = C823B5B7285A746300FB15AB /* Archivo-Regular.ttf */; };
		C88055DF2848CBF000429670 /* AppDelegate.swift in Sources */ = {isa = PBXBuildFile; fileRef = C88055DE2848CBF000429670 /* AppDelegate.swift */; };
		C88055E12848CBF000429670 /* SceneDelegate.swift in Sources */ = {isa = PBXBuildFile; fileRef = C88055E02848CBF000429670 /* SceneDelegate.swift */; };
		C88055E32848CBF000429670 /* HomeViewController.swift in Sources */ = {isa = PBXBuildFile; fileRef = C88055E22848CBF000429670 /* HomeViewController.swift */; };
		C88055E82848CBF400429670 /* Assets.xcassets in Resources */ = {isa = PBXBuildFile; fileRef = C88055E72848CBF400429670 /* Assets.xcassets */; };
		C88055EB2848CBF400429670 /* LaunchScreen.storyboard in Resources */ = {isa = PBXBuildFile; fileRef = C88055E92848CBF400429670 /* LaunchScreen.storyboard */; };
		C8A839B72860938E007C047B /* AssetDataModel.xcdatamodeld in Sources */ = {isa = PBXBuildFile; fileRef = C8A839B52860938E007C047B /* AssetDataModel.xcdatamodeld */; };
		C8A839C2286095D7007C047B /* AssetEntity+CoreDataClass.swift in Sources */ = {isa = PBXBuildFile; fileRef = C8A839C0286095D7007C047B /* AssetEntity+CoreDataClass.swift */; };
		C8A839C728609698007C047B /* DataService.swift in Sources */ = {isa = PBXBuildFile; fileRef = C8A839C628609698007C047B /* DataService.swift */; };
		C8A839CA2860A1E3007C047B /* LikedViewController.swift in Sources */ = {isa = PBXBuildFile; fileRef = C8A839C92860A1E3007C047B /* LikedViewController.swift */; };
		C8A839CC2860A1FE007C047B /* LikedRouter.swift in Sources */ = {isa = PBXBuildFile; fileRef = C8A839CB2860A1FE007C047B /* LikedRouter.swift */; };
		C8A839CE2860A213007C047B /* LikedInteractor.swift in Sources */ = {isa = PBXBuildFile; fileRef = C8A839CD2860A213007C047B /* LikedInteractor.swift */; };
		C8A839D02860A229007C047B /* LikedPresenter.swift in Sources */ = {isa = PBXBuildFile; fileRef = C8A839CF2860A229007C047B /* LikedPresenter.swift */; };
		C8A839D22860A23F007C047B /* LikedModel.swift in Sources */ = {isa = PBXBuildFile; fileRef = C8A839D12860A23F007C047B /* LikedModel.swift */; };
		C8A839D42860B07F007C047B /* LikedView.swift in Sources */ = {isa = PBXBuildFile; fileRef = C8A839D32860B07F007C047B /* LikedView.swift */; };
		C8A839D62860B2EB007C047B /* LikedAssetCell.swift in Sources */ = {isa = PBXBuildFile; fileRef = C8A839D52860B2EB007C047B /* LikedAssetCell.swift */; };
		C8A839D82861B61F007C047B /* LikedAssembly.swift in Sources */ = {isa = PBXBuildFile; fileRef = C8A839D72861B61F007C047B /* LikedAssembly.swift */; };
		C8A839E128625DB7007C047B /* AssetEntity+CoreDataProperties.swift in Sources */ = {isa = PBXBuildFile; fileRef = C8A839E028625DB7007C047B /* AssetEntity+CoreDataProperties.swift */; };
		C8A839E328631553007C047B /* NavigationBar.swift in Sources */ = {isa = PBXBuildFile; fileRef = C8A839E228631552007C047B /* NavigationBar.swift */; };
		C8A839E528634873007C047B /* SaveAssetModel.swift in Sources */ = {isa = PBXBuildFile; fileRef = C8A839E428634873007C047B /* SaveAssetModel.swift */; };
/* End PBXBuildFile section */

/* Begin PBXFileReference section */
		C808A4E0285F9DA300A6D9E5 /* LikedButton.swift */ = {isa = PBXFileReference; lastKnownFileType = sourcecode.swift; path = LikedButton.swift; sourceTree = "<group>"; };
		C808A4E2285FB21F00A6D9E5 /* DataStorageWorker.swift */ = {isa = PBXFileReference; lastKnownFileType = sourcecode.swift; path = DataStorageWorker.swift; sourceTree = "<group>"; };
		C823B5012856220300FB15AB /* AssetsDTO.swift */ = {isa = PBXFileReference; lastKnownFileType = sourcecode.swift; path = AssetsDTO.swift; sourceTree = "<group>"; };
		C823B50328567B6200FB15AB /* NetworkService.swift */ = {isa = PBXFileReference; lastKnownFileType = sourcecode.swift; path = NetworkService.swift; sourceTree = "<group>"; };
		C823B50528568BBC00FB15AB /* HomePresenter.swift */ = {isa = PBXFileReference; lastKnownFileType = sourcecode.swift; path = HomePresenter.swift; sourceTree = "<group>"; };
		C823B50728568BF200FB15AB /* HomeInteractor.swift */ = {isa = PBXFileReference; lastKnownFileType = sourcecode.swift; path = HomeInteractor.swift; sourceTree = "<group>"; };
		C823B50B28568C7D00FB15AB /* HomeRouter.swift */ = {isa = PBXFileReference; lastKnownFileType = sourcecode.swift; path = HomeRouter.swift; sourceTree = "<group>"; };
		C823B50D28568CA900FB15AB /* HomeAssembly.swift */ = {isa = PBXFileReference; lastKnownFileType = sourcecode.swift; path = HomeAssembly.swift; sourceTree = "<group>"; };
		C823B50F28568CE800FB15AB /* HomeModel.swift */ = {isa = PBXFileReference; lastKnownFileType = sourcecode.swift; path = HomeModel.swift; sourceTree = "<group>"; };
		C823B511285690D800FB15AB /* HomeView.swift */ = {isa = PBXFileReference; lastKnownFileType = sourcecode.swift; path = HomeView.swift; sourceTree = "<group>"; };
		C823B513285744D900FB15AB /* NetworkWorker.swift */ = {isa = PBXFileReference; lastKnownFileType = sourcecode.swift; path = NetworkWorker.swift; sourceTree = "<group>"; };
		C823B5152857680A00FB15AB /* AssetCollectionViewCell.swift */ = {isa = PBXFileReference; lastKnownFileType = sourcecode.swift; path = AssetCollectionViewCell.swift; sourceTree = "<group>"; };
		C823B51C2857714800FB15AB /* Typography.swift */ = {isa = PBXFileReference; lastKnownFileType = sourcecode.swift; path = Typography.swift; sourceTree = "<group>"; };
		C823B51E2857719100FB15AB /* Archivo-Medium.ttf */ = {isa = PBXFileReference; lastKnownFileType = file; path = "Archivo-Medium.ttf"; sourceTree = "<group>"; };
		C823B5202857729600FB15AB /* Color.swift */ = {isa = PBXFileReference; lastKnownFileType = sourcecode.swift; path = Color.swift; sourceTree = "<group>"; };
		C823B5A0285A3A4100FB15AB /* AssetViewController.swift */ = {isa = PBXFileReference; lastKnownFileType = sourcecode.swift; path = AssetViewController.swift; sourceTree = "<group>"; };
		C823B5A3285A3A7300FB15AB /* AssetInteractor.swift */ = {isa = PBXFileReference; lastKnownFileType = sourcecode.swift; path = AssetInteractor.swift; sourceTree = "<group>"; };
		C823B5A5285A3A8B00FB15AB /* AssetPresenter.swift */ = {isa = PBXFileReference; lastKnownFileType = sourcecode.swift; path = AssetPresenter.swift; sourceTree = "<group>"; };
		C823B5A7285A3FF300FB15AB /* AssetRouter.swift */ = {isa = PBXFileReference; lastKnownFileType = sourcecode.swift; path = AssetRouter.swift; sourceTree = "<group>"; };
		C823B5A9285A402D00FB15AB /* AssetAssembly.swift */ = {isa = PBXFileReference; lastKnownFileType = sourcecode.swift; path = AssetAssembly.swift; sourceTree = "<group>"; };
		C823B5AB285A404500FB15AB /* AssetModel.swift */ = {isa = PBXFileReference; lastKnownFileType = sourcecode.swift; path = AssetModel.swift; sourceTree = "<group>"; };
		C823B5AD285A407100FB15AB /* AssetDetailView.swift */ = {isa = PBXFileReference; lastKnownFileType = sourcecode.swift; path = AssetDetailView.swift; sourceTree = "<group>"; };
		C823B5AF285A53DC00FB15AB /* CollectionHeaderView.swift */ = {isa = PBXFileReference; lastKnownFileType = sourcecode.swift; path = CollectionHeaderView.swift; sourceTree = "<group>"; };
		C823B5B1285A5BA900FB15AB /* AssetDescriptionView.swift */ = {isa = PBXFileReference; lastKnownFileType = sourcecode.swift; path = AssetDescriptionView.swift; sourceTree = "<group>"; };
		C823B5B3285A6FB600FB15AB /* ExtensionUIImage.swift */ = {isa = PBXFileReference; lastKnownFileType = sourcecode.swift; path = ExtensionUIImage.swift; sourceTree = "<group>"; };
		C823B5B5285A745400FB15AB /* Archivo-SemiBold.ttf */ = {isa = PBXFileReference; lastKnownFileType = file; path = "Archivo-SemiBold.ttf"; sourceTree = "<group>"; };
		C823B5B7285A746300FB15AB /* Archivo-Regular.ttf */ = {isa = PBXFileReference; lastKnownFileType = file; path = "Archivo-Regular.ttf"; sourceTree = "<group>"; };
		C88055DB2848CBF000429670 /* OpenArt.app */ = {isa = PBXFileReference; explicitFileType = wrapper.application; includeInIndex = 0; path = OpenArt.app; sourceTree = BUILT_PRODUCTS_DIR; };
		C88055DE2848CBF000429670 /* AppDelegate.swift */ = {isa = PBXFileReference; lastKnownFileType = sourcecode.swift; path = AppDelegate.swift; sourceTree = "<group>"; };
		C88055E02848CBF000429670 /* SceneDelegate.swift */ = {isa = PBXFileReference; lastKnownFileType = sourcecode.swift; path = SceneDelegate.swift; sourceTree = "<group>"; };
		C88055E22848CBF000429670 /* HomeViewController.swift */ = {isa = PBXFileReference; lastKnownFileType = sourcecode.swift; path = HomeViewController.swift; sourceTree = "<group>"; };
		C88055E72848CBF400429670 /* Assets.xcassets */ = {isa = PBXFileReference; lastKnownFileType = folder.assetcatalog; path = Assets.xcassets; sourceTree = "<group>"; };
		C88055EA2848CBF400429670 /* Base */ = {isa = PBXFileReference; lastKnownFileType = file.storyboard; name = Base; path = Base.lproj/LaunchScreen.storyboard; sourceTree = "<group>"; };
		C88055EC2848CBF400429670 /* Info.plist */ = {isa = PBXFileReference; lastKnownFileType = text.plist.xml; path = Info.plist; sourceTree = "<group>"; };
		C8A839B62860938E007C047B /* AssetDataModel.xcdatamodel */ = {isa = PBXFileReference; lastKnownFileType = wrapper.xcdatamodel; path = AssetDataModel.xcdatamodel; sourceTree = "<group>"; };
		C8A839C0286095D7007C047B /* AssetEntity+CoreDataClass.swift */ = {isa = PBXFileReference; lastKnownFileType = sourcecode.swift; path = "AssetEntity+CoreDataClass.swift"; sourceTree = "<group>"; };
		C8A839C628609698007C047B /* DataService.swift */ = {isa = PBXFileReference; lastKnownFileType = sourcecode.swift; path = DataService.swift; sourceTree = "<group>"; };
		C8A839C92860A1E3007C047B /* LikedViewController.swift */ = {isa = PBXFileReference; lastKnownFileType = sourcecode.swift; path = LikedViewController.swift; sourceTree = "<group>"; };
		C8A839CB2860A1FE007C047B /* LikedRouter.swift */ = {isa = PBXFileReference; lastKnownFileType = sourcecode.swift; path = LikedRouter.swift; sourceTree = "<group>"; };
		C8A839CD2860A213007C047B /* LikedInteractor.swift */ = {isa = PBXFileReference; lastKnownFileType = sourcecode.swift; path = LikedInteractor.swift; sourceTree = "<group>"; };
		C8A839CF2860A229007C047B /* LikedPresenter.swift */ = {isa = PBXFileReference; lastKnownFileType = sourcecode.swift; path = LikedPresenter.swift; sourceTree = "<group>"; };
		C8A839D12860A23F007C047B /* LikedModel.swift */ = {isa = PBXFileReference; lastKnownFileType = sourcecode.swift; path = LikedModel.swift; sourceTree = "<group>"; };
		C8A839D32860B07F007C047B /* LikedView.swift */ = {isa = PBXFileReference; lastKnownFileType = sourcecode.swift; path = LikedView.swift; sourceTree = "<group>"; };
		C8A839D52860B2EB007C047B /* LikedAssetCell.swift */ = {isa = PBXFileReference; lastKnownFileType = sourcecode.swift; path = LikedAssetCell.swift; sourceTree = "<group>"; };
		C8A839D72861B61F007C047B /* LikedAssembly.swift */ = {isa = PBXFileReference; lastKnownFileType = sourcecode.swift; path = LikedAssembly.swift; sourceTree = "<group>"; };
		C8A839E028625DB7007C047B /* AssetEntity+CoreDataProperties.swift */ = {isa = PBXFileReference; lastKnownFileType = sourcecode.swift; path = "AssetEntity+CoreDataProperties.swift"; sourceTree = "<group>"; };
		C8A839E228631552007C047B /* NavigationBar.swift */ = {isa = PBXFileReference; lastKnownFileType = sourcecode.swift; path = NavigationBar.swift; sourceTree = "<group>"; };
		C8A839E428634873007C047B /* SaveAssetModel.swift */ = {isa = PBXFileReference; lastKnownFileType = sourcecode.swift; path = SaveAssetModel.swift; sourceTree = "<group>"; };
/* End PBXFileReference section */

/* Begin PBXFrameworksBuildPhase section */
		C88055D82848CBF000429670 /* Frameworks */ = {
			isa = PBXFrameworksBuildPhase;
			buildActionMask = 2147483647;
			files = (
			);
			runOnlyForDeploymentPostprocessing = 0;
		};
/* End PBXFrameworksBuildPhase section */

/* Begin PBXGroup section */
		C823B50928568C2700FB15AB /* SupportingFiles */ = {
			isa = PBXGroup;
			children = (
				C88055DE2848CBF000429670 /* AppDelegate.swift */,
				C88055E02848CBF000429670 /* SceneDelegate.swift */,
				C88055E72848CBF400429670 /* Assets.xcassets */,
				C88055E92848CBF400429670 /* LaunchScreen.storyboard */,
			);
			path = SupportingFiles;
			sourceTree = "<group>";
		};
		C823B50A28568C4100FB15AB /* NetworkService */ = {
			isa = PBXGroup;
			children = (
				C823B5012856220300FB15AB /* AssetsDTO.swift */,
				C823B50328567B6200FB15AB /* NetworkService.swift */,
			);
			path = NetworkService;
			sourceTree = "<group>";
		};
		C823B51728576B3800FB15AB /* HomeView */ = {
			isa = PBXGroup;
			children = (
				C823B511285690D800FB15AB /* HomeView.swift */,
				C823B5152857680A00FB15AB /* AssetCollectionViewCell.swift */,
				C823B5AF285A53DC00FB15AB /* CollectionHeaderView.swift */,
			);
			path = HomeView;
			sourceTree = "<group>";
		};
		C823B51828576B5100FB15AB /* DisignSystem */ = {
			isa = PBXGroup;
			children = (
				C823B51B2857713400FB15AB /* Typography */,
				C823B5202857729600FB15AB /* Color.swift */,
				C8A839F32863C07B007C047B /* ReusibleViews */,
			);
			path = DisignSystem;
			sourceTree = "<group>";
		};
		C823B51B2857713400FB15AB /* Typography */ = {
			isa = PBXGroup;
			children = (
				C823B51E2857719100FB15AB /* Archivo-Medium.ttf */,
				C823B5B5285A745400FB15AB /* Archivo-SemiBold.ttf */,
				C823B5B7285A746300FB15AB /* Archivo-Regular.ttf */,
				C823B51C2857714800FB15AB /* Typography.swift */,
			);
			path = Typography;
			sourceTree = "<group>";
		};
		C823B59F285A3A1E00FB15AB /* HomeModule */ = {
			isa = PBXGroup;
			children = (
				C823B50D28568CA900FB15AB /* HomeAssembly.swift */,
				C823B50F28568CE800FB15AB /* HomeModel.swift */,
				C823B50728568BF200FB15AB /* HomeInteractor.swift */,
				C823B50528568BBC00FB15AB /* HomePresenter.swift */,
				C88055E22848CBF000429670 /* HomeViewController.swift */,
				C823B50B28568C7D00FB15AB /* HomeRouter.swift */,
				C823B51728576B3800FB15AB /* HomeView */,
			);
			path = HomeModule;
			sourceTree = "<group>";
		};
		C823B5A2285A3A5300FB15AB /* AssetDetailModule */ = {
			isa = PBXGroup;
			children = (
				C823B5A9285A402D00FB15AB /* AssetAssembly.swift */,
				C823B5AB285A404500FB15AB /* AssetModel.swift */,
				C823B5A3285A3A7300FB15AB /* AssetInteractor.swift */,
				C823B5A5285A3A8B00FB15AB /* AssetPresenter.swift */,
				C823B5A0285A3A4100FB15AB /* AssetViewController.swift */,
				C823B5AD285A407100FB15AB /* AssetDetailView.swift */,
				C823B5A7285A3FF300FB15AB /* AssetRouter.swift */,
			);
			path = AssetDetailModule;
			sourceTree = "<group>";
		};
		C88055D22848CBF000429670 = {
			isa = PBXGroup;
			children = (
				C8A839EE2863BA4D007C047B /* Services */,
				C88055DD2848CBF000429670 /* OpenArt */,
				C88055DC2848CBF000429670 /* Products */,
			);
			sourceTree = "<group>";
		};
		C88055DC2848CBF000429670 /* Products */ = {
			isa = PBXGroup;
			children = (
				C88055DB2848CBF000429670 /* OpenArt.app */,
			);
			name = Products;
			sourceTree = "<group>";
		};
		C88055DD2848CBF000429670 /* OpenArt */ = {
			isa = PBXGroup;
			children = (
				C823B513285744D900FB15AB /* NetworkWorker.swift */,
				C808A4E2285FB21F00A6D9E5 /* DataStorageWorker.swift */,
				C823B59F285A3A1E00FB15AB /* HomeModule */,
				C823B5A2285A3A5300FB15AB /* AssetDetailModule */,
				C8A839C82860A1B0007C047B /* LikedModule */,
				C823B51828576B5100FB15AB /* DisignSystem */,
				C823B50928568C2700FB15AB /* SupportingFiles */,
				C8A839EF2863BA74007C047B /* Extension UIKit */,
				C88055EC2848CBF400429670 /* Info.plist */,
			);
			path = OpenArt;
			sourceTree = "<group>";
		};
		C8A839C82860A1B0007C047B /* LikedModule */ = {
			isa = PBXGroup;
			children = (
				C8A839D72861B61F007C047B /* LikedAssembly.swift */,
				C8A839D12860A23F007C047B /* LikedModel.swift */,
				C8A839CD2860A213007C047B /* LikedInteractor.swift */,
				C8A839CF2860A229007C047B /* LikedPresenter.swift */,
				C8A839C92860A1E3007C047B /* LikedViewController.swift */,
				C8A839DB286237F2007C047B /* View */,
				C8A839CB2860A1FE007C047B /* LikedRouter.swift */,
			);
			path = LikedModule;
			sourceTree = "<group>";
		};
		C8A839DB286237F2007C047B /* View */ = {
			isa = PBXGroup;
			children = (
				C8A839D32860B07F007C047B /* LikedView.swift */,
				C8A839D52860B2EB007C047B /* LikedAssetCell.swift */,
			);
			path = View;
			sourceTree = "<group>";
		};
		C8A839EE2863BA4D007C047B /* Services */ = {
			isa = PBXGroup;
			children = (
				C8A839F02863BB2E007C047B /* DataService */,
				C823B50A28568C4100FB15AB /* NetworkService */,
			);
			path = Services;
			sourceTree = "<group>";
		};
		C8A839EF2863BA74007C047B /* Extension UIKit */ = {
			isa = PBXGroup;
			children = (
				C823B5B3285A6FB600FB15AB /* ExtensionUIImage.swift */,
			);
			path = "Extension UIKit";
			sourceTree = "<group>";
		};
		C8A839F02863BB2E007C047B /* DataService */ = {
			isa = PBXGroup;
			children = (
				C8A839C628609698007C047B /* DataService.swift */,
				C8A839B52860938E007C047B /* AssetDataModel.xcdatamodeld */,
				C8A839E428634873007C047B /* SaveAssetModel.swift */,
				C8A839F12863BB46007C047B /* NSManagedObject */,
			);
			path = DataService;
			sourceTree = "<group>";
		};
		C8A839F12863BB46007C047B /* NSManagedObject */ = {
			isa = PBXGroup;
			children = (
				C8A839C0286095D7007C047B /* AssetEntity+CoreDataClass.swift */,
				C8A839E028625DB7007C047B /* AssetEntity+CoreDataProperties.swift */,
			);
			path = NSManagedObject;
			sourceTree = "<group>";
		};
		C8A839F32863C07B007C047B /* ReusibleViews */ = {
			isa = PBXGroup;
			children = (
				C823B5B1285A5BA900FB15AB /* AssetDescriptionView.swift */,
				C8A839E228631552007C047B /* NavigationBar.swift */,
				C808A4E0285F9DA300A6D9E5 /* LikedButton.swift */,
			);
			path = ReusibleViews;
			sourceTree = "<group>";
		};
/* End PBXGroup section */

/* Begin PBXNativeTarget section */
		C88055DA2848CBF000429670 /* OpenArt */ = {
			isa = PBXNativeTarget;
			buildConfigurationList = C88055EF2848CBF400429670 /* Build configuration list for PBXNativeTarget "OpenArt" */;
			buildPhases = (
				C88055D72848CBF000429670 /* Sources */,
				C88055D82848CBF000429670 /* Frameworks */,
				C88055D92848CBF000429670 /* Resources */,
			);
			buildRules = (
			);
			dependencies = (
			);
			name = OpenArt;
			productName = OpenArt;
			productReference = C88055DB2848CBF000429670 /* OpenArt.app */;
			productType = "com.apple.product-type.application";
		};
/* End PBXNativeTarget section */

/* Begin PBXProject section */
		C88055D32848CBF000429670 /* Project object */ = {
			isa = PBXProject;
			attributes = {
				BuildIndependentTargetsInParallel = 1;
				LastSwiftUpdateCheck = 1330;
				LastUpgradeCheck = 1330;
				TargetAttributes = {
					C88055DA2848CBF000429670 = {
						CreatedOnToolsVersion = 13.3.1;
					};
				};
			};
			buildConfigurationList = C88055D62848CBF000429670 /* Build configuration list for PBXProject "OpenArt" */;
			compatibilityVersion = "Xcode 13.0";
			developmentRegion = en;
			hasScannedForEncodings = 0;
			knownRegions = (
				en,
				Base,
			);
			mainGroup = C88055D22848CBF000429670;
			productRefGroup = C88055DC2848CBF000429670 /* Products */;
			projectDirPath = "";
			projectRoot = "";
			targets = (
				C88055DA2848CBF000429670 /* OpenArt */,
			);
		};
/* End PBXProject section */

/* Begin PBXResourcesBuildPhase section */
		C88055D92848CBF000429670 /* Resources */ = {
			isa = PBXResourcesBuildPhase;
			buildActionMask = 2147483647;
			files = (
				C823B5B6285A745400FB15AB /* Archivo-SemiBold.ttf in Resources */,
				C823B51F2857719100FB15AB /* Archivo-Medium.ttf in Resources */,
				C88055EB2848CBF400429670 /* LaunchScreen.storyboard in Resources */,
				C823B5B8285A746300FB15AB /* Archivo-Regular.ttf in Resources */,
				C88055E82848CBF400429670 /* Assets.xcassets in Resources */,
			);
			runOnlyForDeploymentPostprocessing = 0;
		};
/* End PBXResourcesBuildPhase section */

/* Begin PBXSourcesBuildPhase section */
		C88055D72848CBF000429670 /* Sources */ = {
			isa = PBXSourcesBuildPhase;
			buildActionMask = 2147483647;
			files = (
				C823B5B4285A6FB600FB15AB /* ExtensionUIImage.swift in Sources */,
				C8A839D02860A229007C047B /* LikedPresenter.swift in Sources */,
				C8A839C2286095D7007C047B /* AssetEntity+CoreDataClass.swift in Sources */,
				C823B512285690D800FB15AB /* HomeView.swift in Sources */,
				C8A839B72860938E007C047B /* AssetDataModel.xcdatamodeld in Sources */,
				C823B5B0285A53DC00FB15AB /* CollectionHeaderView.swift in Sources */,
				C823B50428567B6200FB15AB /* NetworkService.swift in Sources */,
				C823B5A1285A3A4100FB15AB /* AssetViewController.swift in Sources */,
				C823B51D2857714800FB15AB /* Typography.swift in Sources */,
				C8A839D22860A23F007C047B /* LikedModel.swift in Sources */,
				C823B5AE285A407100FB15AB /* AssetDetailView.swift in Sources */,
				C8A839E328631553007C047B /* NavigationBar.swift in Sources */,
				C823B514285744D900FB15AB /* NetworkWorker.swift in Sources */,
				C823B5AC285A404500FB15AB /* AssetModel.swift in Sources */,
				C823B50828568BF200FB15AB /* HomeInteractor.swift in Sources */,
				C808A4E3285FB21F00A6D9E5 /* DataStorageWorker.swift in Sources */,
				C8A839D62860B2EB007C047B /* LikedAssetCell.swift in Sources */,
				C823B5212857729600FB15AB /* Color.swift in Sources */,
				C8A839CC2860A1FE007C047B /* LikedRouter.swift in Sources */,
				C823B5B2285A5BA900FB15AB /* AssetDescriptionView.swift in Sources */,
				C88055E32848CBF000429670 /* HomeViewController.swift in Sources */,
				C823B5AA285A402D00FB15AB /* AssetAssembly.swift in Sources */,
				C823B5162857680A00FB15AB /* AssetCollectionViewCell.swift in Sources */,
				C88055DF2848CBF000429670 /* AppDelegate.swift in Sources */,
				C823B5A4285A3A7300FB15AB /* AssetInteractor.swift in Sources */,
				C823B50E28568CA900FB15AB /* HomeAssembly.swift in Sources */,
				C8A839CE2860A213007C047B /* LikedInteractor.swift in Sources */,
				C8A839D42860B07F007C047B /* LikedView.swift in Sources */,
				C8A839E128625DB7007C047B /* AssetEntity+CoreDataProperties.swift in Sources */,
				C8A839E528634873007C047B /* SaveAssetModel.swift in Sources */,
				C823B50628568BBC00FB15AB /* HomePresenter.swift in Sources */,
				C8A839D82861B61F007C047B /* LikedAssembly.swift in Sources */,
				C88055E12848CBF000429670 /* SceneDelegate.swift in Sources */,
				C823B5A8285A3FF300FB15AB /* AssetRouter.swift in Sources */,
				C8A839C728609698007C047B /* DataService.swift in Sources */,
				C823B51028568CE800FB15AB /* HomeModel.swift in Sources */,
				C823B5022856220300FB15AB /* AssetsDTO.swift in Sources */,
				C808A4E1285F9DA300A6D9E5 /* LikedButton.swift in Sources */,
				C823B5A6285A3A8B00FB15AB /* AssetPresenter.swift in Sources */,
				C8A839CA2860A1E3007C047B /* LikedViewController.swift in Sources */,
				C823B50C28568C7D00FB15AB /* HomeRouter.swift in Sources */,
			);
			runOnlyForDeploymentPostprocessing = 0;
		};
/* End PBXSourcesBuildPhase section */

/* Begin PBXVariantGroup section */
		C88055E92848CBF400429670 /* LaunchScreen.storyboard */ = {
			isa = PBXVariantGroup;
			children = (
				C88055EA2848CBF400429670 /* Base */,
			);
			name = LaunchScreen.storyboard;
			sourceTree = "<group>";
		};
/* End PBXVariantGroup section */

/* Begin XCBuildConfiguration section */
		C88055ED2848CBF400429670 /* Debug */ = {
			isa = XCBuildConfiguration;
			buildSettings = {
				ALWAYS_SEARCH_USER_PATHS = NO;
				CLANG_ANALYZER_NONNULL = YES;
				CLANG_ANALYZER_NUMBER_OBJECT_CONVERSION = YES_AGGRESSIVE;
				CLANG_CXX_LANGUAGE_STANDARD = "gnu++17";
				CLANG_ENABLE_MODULES = YES;
				CLANG_ENABLE_OBJC_ARC = YES;
				CLANG_ENABLE_OBJC_WEAK = YES;
				CLANG_WARN_BLOCK_CAPTURE_AUTORELEASING = YES;
				CLANG_WARN_BOOL_CONVERSION = YES;
				CLANG_WARN_COMMA = YES;
				CLANG_WARN_CONSTANT_CONVERSION = YES;
				CLANG_WARN_DEPRECATED_OBJC_IMPLEMENTATIONS = YES;
				CLANG_WARN_DIRECT_OBJC_ISA_USAGE = YES_ERROR;
				CLANG_WARN_DOCUMENTATION_COMMENTS = YES;
				CLANG_WARN_EMPTY_BODY = YES;
				CLANG_WARN_ENUM_CONVERSION = YES;
				CLANG_WARN_INFINITE_RECURSION = YES;
				CLANG_WARN_INT_CONVERSION = YES;
				CLANG_WARN_NON_LITERAL_NULL_CONVERSION = YES;
				CLANG_WARN_OBJC_IMPLICIT_RETAIN_SELF = YES;
				CLANG_WARN_OBJC_LITERAL_CONVERSION = YES;
				CLANG_WARN_OBJC_ROOT_CLASS = YES_ERROR;
				CLANG_WARN_QUOTED_INCLUDE_IN_FRAMEWORK_HEADER = YES;
				CLANG_WARN_RANGE_LOOP_ANALYSIS = YES;
				CLANG_WARN_STRICT_PROTOTYPES = YES;
				CLANG_WARN_SUSPICIOUS_MOVE = YES;
				CLANG_WARN_UNGUARDED_AVAILABILITY = YES_AGGRESSIVE;
				CLANG_WARN_UNREACHABLE_CODE = YES;
				CLANG_WARN__DUPLICATE_METHOD_MATCH = YES;
				COPY_PHASE_STRIP = NO;
				DEBUG_INFORMATION_FORMAT = dwarf;
				ENABLE_STRICT_OBJC_MSGSEND = YES;
				ENABLE_TESTABILITY = YES;
				GCC_C_LANGUAGE_STANDARD = gnu11;
				GCC_DYNAMIC_NO_PIC = NO;
				GCC_NO_COMMON_BLOCKS = YES;
				GCC_OPTIMIZATION_LEVEL = 0;
				GCC_PREPROCESSOR_DEFINITIONS = (
					"DEBUG=1",
					"$(inherited)",
				);
				GCC_WARN_64_TO_32_BIT_CONVERSION = YES;
				GCC_WARN_ABOUT_RETURN_TYPE = YES_ERROR;
				GCC_WARN_UNDECLARED_SELECTOR = YES;
				GCC_WARN_UNINITIALIZED_AUTOS = YES_AGGRESSIVE;
				GCC_WARN_UNUSED_FUNCTION = YES;
				GCC_WARN_UNUSED_VARIABLE = YES;
				IPHONEOS_DEPLOYMENT_TARGET = 15.4;
				MTL_ENABLE_DEBUG_INFO = INCLUDE_SOURCE;
				MTL_FAST_MATH = YES;
				ONLY_ACTIVE_ARCH = YES;
				SDKROOT = iphoneos;
				SWIFT_ACTIVE_COMPILATION_CONDITIONS = DEBUG;
				SWIFT_OPTIMIZATION_LEVEL = "-Onone";
			};
			name = Debug;
		};
		C88055EE2848CBF400429670 /* Release */ = {
			isa = XCBuildConfiguration;
			buildSettings = {
				ALWAYS_SEARCH_USER_PATHS = NO;
				CLANG_ANALYZER_NONNULL = YES;
				CLANG_ANALYZER_NUMBER_OBJECT_CONVERSION = YES_AGGRESSIVE;
				CLANG_CXX_LANGUAGE_STANDARD = "gnu++17";
				CLANG_ENABLE_MODULES = YES;
				CLANG_ENABLE_OBJC_ARC = YES;
				CLANG_ENABLE_OBJC_WEAK = YES;
				CLANG_WARN_BLOCK_CAPTURE_AUTORELEASING = YES;
				CLANG_WARN_BOOL_CONVERSION = YES;
				CLANG_WARN_COMMA = YES;
				CLANG_WARN_CONSTANT_CONVERSION = YES;
				CLANG_WARN_DEPRECATED_OBJC_IMPLEMENTATIONS = YES;
				CLANG_WARN_DIRECT_OBJC_ISA_USAGE = YES_ERROR;
				CLANG_WARN_DOCUMENTATION_COMMENTS = YES;
				CLANG_WARN_EMPTY_BODY = YES;
				CLANG_WARN_ENUM_CONVERSION = YES;
				CLANG_WARN_INFINITE_RECURSION = YES;
				CLANG_WARN_INT_CONVERSION = YES;
				CLANG_WARN_NON_LITERAL_NULL_CONVERSION = YES;
				CLANG_WARN_OBJC_IMPLICIT_RETAIN_SELF = YES;
				CLANG_WARN_OBJC_LITERAL_CONVERSION = YES;
				CLANG_WARN_OBJC_ROOT_CLASS = YES_ERROR;
				CLANG_WARN_QUOTED_INCLUDE_IN_FRAMEWORK_HEADER = YES;
				CLANG_WARN_RANGE_LOOP_ANALYSIS = YES;
				CLANG_WARN_STRICT_PROTOTYPES = YES;
				CLANG_WARN_SUSPICIOUS_MOVE = YES;
				CLANG_WARN_UNGUARDED_AVAILABILITY = YES_AGGRESSIVE;
				CLANG_WARN_UNREACHABLE_CODE = YES;
				CLANG_WARN__DUPLICATE_METHOD_MATCH = YES;
				COPY_PHASE_STRIP = NO;
				DEBUG_INFORMATION_FORMAT = "dwarf-with-dsym";
				ENABLE_NS_ASSERTIONS = NO;
				ENABLE_STRICT_OBJC_MSGSEND = YES;
				GCC_C_LANGUAGE_STANDARD = gnu11;
				GCC_NO_COMMON_BLOCKS = YES;
				GCC_WARN_64_TO_32_BIT_CONVERSION = YES;
				GCC_WARN_ABOUT_RETURN_TYPE = YES_ERROR;
				GCC_WARN_UNDECLARED_SELECTOR = YES;
				GCC_WARN_UNINITIALIZED_AUTOS = YES_AGGRESSIVE;
				GCC_WARN_UNUSED_FUNCTION = YES;
				GCC_WARN_UNUSED_VARIABLE = YES;
				IPHONEOS_DEPLOYMENT_TARGET = 15.4;
				MTL_ENABLE_DEBUG_INFO = NO;
				MTL_FAST_MATH = YES;
				SDKROOT = iphoneos;
				SWIFT_COMPILATION_MODE = wholemodule;
				SWIFT_OPTIMIZATION_LEVEL = "-O";
				VALIDATE_PRODUCT = YES;
			};
			name = Release;
		};
		C88055F02848CBF400429670 /* Debug */ = {
			isa = XCBuildConfiguration;
			buildSettings = {
				ASSETCATALOG_COMPILER_APPICON_NAME = AppIcon;
				ASSETCATALOG_COMPILER_GLOBAL_ACCENT_COLOR_NAME = AccentColor;
				CODE_SIGN_STYLE = Automatic;
				CURRENT_PROJECT_VERSION = 1;
				DEVELOPMENT_TEAM = VAPL2C8V2X;
				GENERATE_INFOPLIST_FILE = YES;
				INFOPLIST_FILE = OpenArt/Info.plist;
				INFOPLIST_KEY_UIApplicationSupportsIndirectInputEvents = YES;
				INFOPLIST_KEY_UILaunchStoryboardName = LaunchScreen;
				INFOPLIST_KEY_UISupportedInterfaceOrientations_iPad = "UIInterfaceOrientationPortrait UIInterfaceOrientationPortraitUpsideDown UIInterfaceOrientationLandscapeLeft UIInterfaceOrientationLandscapeRight";
				INFOPLIST_KEY_UISupportedInterfaceOrientations_iPhone = "UIInterfaceOrientationPortrait UIInterfaceOrientationLandscapeLeft UIInterfaceOrientationLandscapeRight";
				LD_RUNPATH_SEARCH_PATHS = (
					"$(inherited)",
					"@executable_path/Frameworks",
				);
				MARKETING_VERSION = 1.0;
				PRODUCT_BUNDLE_IDENTIFIER = IvanDurmashev.OpenArt;
				PRODUCT_NAME = "$(TARGET_NAME)";
				SWIFT_EMIT_LOC_STRINGS = YES;
				SWIFT_VERSION = 5.0;
				TARGETED_DEVICE_FAMILY = "1,2";
			};
			name = Debug;
		};
		C88055F12848CBF400429670 /* Release */ = {
			isa = XCBuildConfiguration;
			buildSettings = {
				ASSETCATALOG_COMPILER_APPICON_NAME = AppIcon;
				ASSETCATALOG_COMPILER_GLOBAL_ACCENT_COLOR_NAME = AccentColor;
				CODE_SIGN_STYLE = Automatic;
				CURRENT_PROJECT_VERSION = 1;
				DEVELOPMENT_TEAM = VAPL2C8V2X;
				GENERATE_INFOPLIST_FILE = YES;
				INFOPLIST_FILE = OpenArt/Info.plist;
				INFOPLIST_KEY_UIApplicationSupportsIndirectInputEvents = YES;
				INFOPLIST_KEY_UILaunchStoryboardName = LaunchScreen;
				INFOPLIST_KEY_UISupportedInterfaceOrientations_iPad = "UIInterfaceOrientationPortrait UIInterfaceOrientationPortraitUpsideDown UIInterfaceOrientationLandscapeLeft UIInterfaceOrientationLandscapeRight";
				INFOPLIST_KEY_UISupportedInterfaceOrientations_iPhone = "UIInterfaceOrientationPortrait UIInterfaceOrientationLandscapeLeft UIInterfaceOrientationLandscapeRight";
				LD_RUNPATH_SEARCH_PATHS = (
					"$(inherited)",
					"@executable_path/Frameworks",
				);
				MARKETING_VERSION = 1.0;
				PRODUCT_BUNDLE_IDENTIFIER = IvanDurmashev.OpenArt;
				PRODUCT_NAME = "$(TARGET_NAME)";
				SWIFT_EMIT_LOC_STRINGS = YES;
				SWIFT_VERSION = 5.0;
				TARGETED_DEVICE_FAMILY = "1,2";
			};
			name = Release;
		};
/* End XCBuildConfiguration section */

/* Begin XCConfigurationList section */
		C88055D62848CBF000429670 /* Build configuration list for PBXProject "OpenArt" */ = {
			isa = XCConfigurationList;
			buildConfigurations = (
				C88055ED2848CBF400429670 /* Debug */,
				C88055EE2848CBF400429670 /* Release */,
			);
			defaultConfigurationIsVisible = 0;
			defaultConfigurationName = Release;
		};
		C88055EF2848CBF400429670 /* Build configuration list for PBXNativeTarget "OpenArt" */ = {
			isa = XCConfigurationList;
			buildConfigurations = (
				C88055F02848CBF400429670 /* Debug */,
				C88055F12848CBF400429670 /* Release */,
			);
			defaultConfigurationIsVisible = 0;
			defaultConfigurationName = Release;
		};
/* End XCConfigurationList section */

/* Begin XCVersionGroup section */
		C8A839B52860938E007C047B /* AssetDataModel.xcdatamodeld */ = {
			isa = XCVersionGroup;
			children = (
				C8A839B62860938E007C047B /* AssetDataModel.xcdatamodel */,
			);
			currentVersion = C8A839B62860938E007C047B /* AssetDataModel.xcdatamodel */;
			path = AssetDataModel.xcdatamodeld;
			sourceTree = "<group>";
			versionGroupType = wrapper.xcdatamodel;
		};
/* End XCVersionGroup section */
	};
	rootObject = C88055D32848CBF000429670 /* Project object */;
}
